
Microsoft Visual Studio Solution File, Format Version 12.00
# Visual Studio Version 17
VisualStudioVersion = 17.7.34031.279
MinimumVisualStudioVersion = 10.0.40219.1
Project("{9A19103F-16F7-4668-BE54-9A1E7A4F7556}") = "DotNetCoreMVCDemo", "DotNetCoreMVCDemo\DotNetCoreMVCDemo.csproj", "{2BFFFF1D-D41F-43C8-B916-DCBB8DA1AA95}"
EndProject
Project("{FAE04EC0-301F-11D3-BF4B-00C04F79EFBC}") = "DotNetCoreMVCDemo.ApplicationLayer", "DotNetCoreMVCDemo.ApplicationLayer\DotNetCoreMVCDemo.ApplicationLayer.csproj", "{D768CC37-F33F-476F-9EE1-BA12EC3381C2}"
EndProject
Project("{FAE04EC0-301F-11D3-BF4B-00C04F79EFBC}") = "DotNetCoreMVCDemo.DomainLayer", "DotNetCoreMVCDemo.DomainLayer\DotNetCoreMVCDemo.DomainLayer.csproj", "{BEFC5F3C-76D9-4B93-A492-F99A531A151F}"
EndProject
Project("{FAE04EC0-301F-11D3-BF4B-00C04F79EFBC}") = "DotNetCoreMVCDemo.InfrastructureLayer", "DotNetCoreMVCDemo.InfrastructureLayer\DotNetCoreMVCDemo.InfrastructureLayer.csproj", "{093225A1-B700-46AF-8E79-181577DDDF79}"
EndProject
Global
	GlobalSection(SolutionConfigurationPlatforms) = preSolution
		Debug|Any CPU = Debug|Any CPU
		Release|Any CPU = Release|Any CPU
	EndGlobalSection
	GlobalSection(ProjectConfigurationPlatforms) = postSolution
		{2BFFFF1D-D41F-43C8-B916-DCBB8DA1AA95}.Debug|Any CPU.ActiveCfg = Debug|Any CPU
		{2BFFFF1D-D41F-43C8-B916-DCBB8DA1AA95}.Debug|Any CPU.Build.0 = Debug|Any CPU
		{2BFFFF1D-D41F-43C8-B916-DCBB8DA1AA95}.Release|Any CPU.ActiveCfg = Release|Any CPU
		{2BFFFF1D-D41F-43C8-B916-DCBB8DA1AA95}.Release|Any CPU.Build.0 = Release|Any CPU
		{D768CC37-F33F-476F-9EE1-BA12EC3381C2}.Debug|Any CPU.ActiveCfg = Debug|Any CPU
		{D768CC37-F33F-476F-9EE1-BA12EC3381C2}.Debug|Any CPU.Build.0 = Debug|Any CPU
		{D768CC37-F33F-476F-9EE1-BA12EC3381C2}.Release|Any CPU.ActiveCfg = Release|Any CPU
		{D768CC37-F33F-476F-9EE1-BA12EC3381C2}.Release|Any CPU.Build.0 = Release|Any CPU
		{BEFC5F3C-76D9-4B93-A492-F99A531A151F}.Debug|Any CPU.ActiveCfg = Debug|Any CPU
		{BEFC5F3C-76D9-4B93-A492-F99A531A151F}.Debug|Any CPU.Build.0 = Debug|Any CPU
		{BEFC5F3C-76D9-4B93-A492-F99A531A151F}.Release|Any CPU.ActiveCfg = Release|Any CPU
		{BEFC5F3C-76D9-4B93-A492-F99A531A151F}.Release|Any CPU.Build.0 = Release|Any CPU
		{093225A1-B700-46AF-8E79-181577DDDF79}.Debug|Any CPU.ActiveCfg = Debug|Any CPU
		{093225A1-B700-46AF-8E79-181577DDDF79}.Debug|Any CPU.Build.0 = Debug|Any CPU
		{093225A1-B700-46AF-8E79-181577DDDF79}.Release|Any CPU.ActiveCfg = Release|Any CPU
		{093225A1-B700-46AF-8E79-181577DDDF79}.Release|Any CPU.Build.0 = Release|Any CPU
	EndGlobalSection
	GlobalSection(SolutionProperties) = preSolution
		HideSolutionNode = FALSE
	EndGlobalSection
	GlobalSection(ExtensibilityGlobals) = postSolution
		SolutionGuid = {6E4532F6-679F-4DBB-8382-CDD5AE537DAD}
	EndGlobalSection
EndGlobal
